
Microsoft Visual Studio Solution File, Format Version 12.00
# Visual Studio Version 17
VisualStudioVersion = 17.10.35013.160
MinimumVisualStudioVersion = 10.0.40219.1
Project("{FAE04EC0-301F-11D3-BF4B-00C04F79EFBC}") = "ReversiGame", "ReversiGame.csproj", "{730662CA-662B-4AFA-A9B3-62EDBEA622D1}"
EndProject
Global
	GlobalSection(SolutionConfigurationPlatforms) = preSolution
		Debug|Any CPU = Debug|Any CPU
		Release|Any CPU = Release|Any CPU
	EndGlobalSection
	GlobalSection(ProjectConfigurationPlatforms) = postSolution
		{730662CA-662B-4AFA-A9B3-62EDBEA622D1}.Debug|Any CPU.ActiveCfg = Debug|Any CPU
		{730662CA-662B-4AFA-A9B3-62EDBEA622D1}.Debug|Any CPU.Build.0 = Debug|Any CPU
		{730662CA-662B-4AFA-A9B3-62EDBEA622D1}.Release|Any CPU.ActiveCfg = Release|Any CPU
		{730662CA-662B-4AFA-A9B3-62EDBEA622D1}.Release|Any CPU.Build.0 = Release|Any CPU
	EndGlobalSection
	GlobalSection(SolutionProperties) = preSolution
		HideSolutionNode = FALSE
	EndGlobalSection
	GlobalSection(ExtensibilityGlobals) = postSolution
		SolutionGuid = {6B9E7FEE-4B77-4853-B384-A67582AD8FAE}
	EndGlobalSection
EndGlobal
